
Microsoft Visual Studio Solution File, Format Version 10.00
# Visual Studio 2008
Project("{FAE04EC0-301F-11D3-BF4B-00C04F79EFBC}") = "MediaFrameworkTests", "MediaFrameworkTests\MediaFrameworkTests.csproj", "{77EC0366-6C86-4D29-98BA-4D9264280EB9}"
EndProject
Project("{FAE04EC0-301F-11D3-BF4B-00C04F79EFBC}") = "OpenVideoPlayer", "OpenVideoPlayer\OpenVideoPlayer.csproj", "{C2F1DE86-68A2-4336-9E69-1E816BA906C2}"
EndProject
Project("{FAE04EC0-301F-11D3-BF4B-00C04F79EFBC}") = "OVPImplementation", "OVPImplementation\OVPImplementation.csproj", "{9A28153F-C605-49C1-90B7-1B04E7D5064E}"
EndProject
Project("{FAE04EC0-301F-11D3-BF4B-00C04F79EFBC}") = "OVPWeb", "OVPWeb\OVPWeb.csproj", "{14B58E75-546C-4B58-BBFA-666F9C8EBB47}"
EndProject
Project("{2150E333-8FDC-42A3-9474-1A3956D46DE8}") = "Documentation", "Documentation", "{3AEA2F9B-39D3-4D49-8105-091CD7DE6C37}"
	ProjectSection(SolutionItems) = preProject
		AdConnectors.txt = AdConnectors.txt
		ChangeLog.txt = ChangeLog.txt
		Deployment.txt = Deployment.txt
		Implementation.txt = Implementation.txt
		License.txt = License.txt
		prebuild.cmd = prebuild.cmd
		ReadMe.txt = ReadMe.txt
		version.txt = version.txt
	EndProjectSection
EndProject
Project("{FAE04EC0-301F-11D3-BF4B-00C04F79EFBC}") = "OVPDefinitions", "OVPDefinitions\OVPDefinitions.csproj", "{C38C8454-8FDE-4274-842A-B0B9D1F7FE9F}"
EndProject
Global
	GlobalSection(SolutionConfigurationPlatforms) = preSolution
		Debug|.NET = Debug|.NET
		Debug|Any CPU = Debug|Any CPU
		Debug|Mixed Platforms = Debug|Mixed Platforms
		Release|.NET = Release|.NET
		Release|Any CPU = Release|Any CPU
		Release|Mixed Platforms = Release|Mixed Platforms
	EndGlobalSection
	GlobalSection(ProjectConfigurationPlatforms) = postSolution
		{77EC0366-6C86-4D29-98BA-4D9264280EB9}.Debug|.NET.ActiveCfg = Debug|Any CPU
		{77EC0366-6C86-4D29-98BA-4D9264280EB9}.Debug|Any CPU.ActiveCfg = Debug|Any CPU
		{77EC0366-6C86-4D29-98BA-4D9264280EB9}.Debug|Any CPU.Build.0 = Debug|Any CPU
		{77EC0366-6C86-4D29-98BA-4D9264280EB9}.Debug|Mixed Platforms.ActiveCfg = Debug|Any CPU
		{77EC0366-6C86-4D29-98BA-4D9264280EB9}.Debug|Mixed Platforms.Build.0 = Debug|Any CPU
		{77EC0366-6C86-4D29-98BA-4D9264280EB9}.Release|.NET.ActiveCfg = Release|Any CPU
		{77EC0366-6C86-4D29-98BA-4D9264280EB9}.Release|Any CPU.ActiveCfg = Release|Any CPU
		{77EC0366-6C86-4D29-98BA-4D9264280EB9}.Release|Any CPU.Build.0 = Release|Any CPU
		{77EC0366-6C86-4D29-98BA-4D9264280EB9}.Release|Mixed Platforms.ActiveCfg = Release|Any CPU
		{77EC0366-6C86-4D29-98BA-4D9264280EB9}.Release|Mixed Platforms.Build.0 = Release|Any CPU
		{C2F1DE86-68A2-4336-9E69-1E816BA906C2}.Debug|.NET.ActiveCfg = Debug|Any CPU
		{C2F1DE86-68A2-4336-9E69-1E816BA906C2}.Debug|Any CPU.ActiveCfg = Debug|Any CPU
		{C2F1DE86-68A2-4336-9E69-1E816BA906C2}.Debug|Any CPU.Build.0 = Debug|Any CPU
		{C2F1DE86-68A2-4336-9E69-1E816BA906C2}.Debug|Mixed Platforms.ActiveCfg = Debug|Any CPU
		{C2F1DE86-68A2-4336-9E69-1E816BA906C2}.Debug|Mixed Platforms.Build.0 = Debug|Any CPU
		{C2F1DE86-68A2-4336-9E69-1E816BA906C2}.Release|.NET.ActiveCfg = Release|Any CPU
		{C2F1DE86-68A2-4336-9E69-1E816BA906C2}.Release|Any CPU.ActiveCfg = Release|Any CPU
		{C2F1DE86-68A2-4336-9E69-1E816BA906C2}.Release|Any CPU.Build.0 = Release|Any CPU
		{C2F1DE86-68A2-4336-9E69-1E816BA906C2}.Release|Mixed Platforms.ActiveCfg = Release|Any CPU
		{C2F1DE86-68A2-4336-9E69-1E816BA906C2}.Release|Mixed Platforms.Build.0 = Release|Any CPU
		{9A28153F-C605-49C1-90B7-1B04E7D5064E}.Debug|.NET.ActiveCfg = Debug|Any CPU
		{9A28153F-C605-49C1-90B7-1B04E7D5064E}.Debug|Any CPU.ActiveCfg = Debug|Any CPU
		{9A28153F-C605-49C1-90B7-1B04E7D5064E}.Debug|Any CPU.Build.0 = Debug|Any CPU
		{9A28153F-C605-49C1-90B7-1B04E7D5064E}.Debug|Mixed Platforms.ActiveCfg = Debug|Any CPU
		{9A28153F-C605-49C1-90B7-1B04E7D5064E}.Debug|Mixed Platforms.Build.0 = Debug|Any CPU
		{9A28153F-C605-49C1-90B7-1B04E7D5064E}.Release|.NET.ActiveCfg = Release|Any CPU
		{9A28153F-C605-49C1-90B7-1B04E7D5064E}.Release|Any CPU.ActiveCfg = Release|Any CPU
		{9A28153F-C605-49C1-90B7-1B04E7D5064E}.Release|Any CPU.Build.0 = Release|Any CPU
		{9A28153F-C605-49C1-90B7-1B04E7D5064E}.Release|Mixed Platforms.ActiveCfg = Release|Any CPU
		{9A28153F-C605-49C1-90B7-1B04E7D5064E}.Release|Mixed Platforms.Build.0 = Release|Any CPU
		{14B58E75-546C-4B58-BBFA-666F9C8EBB47}.Debug|.NET.ActiveCfg = Debug|Any CPU
		{14B58E75-546C-4B58-BBFA-666F9C8EBB47}.Debug|Any CPU.ActiveCfg = Debug|Any CPU
		{14B58E75-546C-4B58-BBFA-666F9C8EBB47}.Debug|Any CPU.Build.0 = Debug|Any CPU
		{14B58E75-546C-4B58-BBFA-666F9C8EBB47}.Debug|Mixed Platforms.ActiveCfg = Debug|Any CPU
		{14B58E75-546C-4B58-BBFA-666F9C8EBB47}.Debug|Mixed Platforms.Build.0 = Debug|Any CPU
		{14B58E75-546C-4B58-BBFA-666F9C8EBB47}.Release|.NET.ActiveCfg = Release|Any CPU
		{14B58E75-546C-4B58-BBFA-666F9C8EBB47}.Release|Any CPU.ActiveCfg = Release|Any CPU
		{14B58E75-546C-4B58-BBFA-666F9C8EBB47}.Release|Any CPU.Build.0 = Release|Any CPU
		{14B58E75-546C-4B58-BBFA-666F9C8EBB47}.Release|Mixed Platforms.ActiveCfg = Release|Any CPU
		{14B58E75-546C-4B58-BBFA-666F9C8EBB47}.Release|Mixed Platforms.Build.0 = Release|Any CPU
		{C38C8454-8FDE-4274-842A-B0B9D1F7FE9F}.Debug|.NET.ActiveCfg = Debug|Any CPU
		{C38C8454-8FDE-4274-842A-B0B9D1F7FE9F}.Debug|Any CPU.ActiveCfg = Debug|Any CPU
		{C38C8454-8FDE-4274-842A-B0B9D1F7FE9F}.Debug|Any CPU.Build.0 = Debug|Any CPU
		{C38C8454-8FDE-4274-842A-B0B9D1F7FE9F}.Debug|Mixed Platforms.ActiveCfg = Debug|Any CPU
		{C38C8454-8FDE-4274-842A-B0B9D1F7FE9F}.Debug|Mixed Platforms.Build.0 = Debug|Any CPU
		{C38C8454-8FDE-4274-842A-B0B9D1F7FE9F}.Release|.NET.ActiveCfg = Release|Any CPU
		{C38C8454-8FDE-4274-842A-B0B9D1F7FE9F}.Release|Any CPU.ActiveCfg = Release|Any CPU
		{C38C8454-8FDE-4274-842A-B0B9D1F7FE9F}.Release|Any CPU.Build.0 = Release|Any CPU
		{C38C8454-8FDE-4274-842A-B0B9D1F7FE9F}.Release|Mixed Platforms.ActiveCfg = Release|Any CPU
		{C38C8454-8FDE-4274-842A-B0B9D1F7FE9F}.Release|Mixed Platforms.Build.0 = Release|Any CPU
	EndGlobalSection
	GlobalSection(SolutionProperties) = preSolution
		HideSolutionNode = FALSE
	EndGlobalSection
EndGlobal
