
Microsoft Visual Studio Solution File, Format Version 10.00
# Visual Studio 2008
Project("{FAE04EC0-301F-11D3-BF4B-00C04F79EFBC}") = "OVPDefinitions", "..\OVPDefinitions\OVPDefinitions.csproj", "{C38C8454-8FDE-4274-842A-B0B9D1F7FE9F}"
EndProject
Project("{FAE04EC0-301F-11D3-BF4B-00C04F79EFBC}") = "AdaptiveStreaming", "AdaptiveStreaming\AdaptiveStreaming.csproj", "{4643C932-F918-4EFA-A079-79D3ED7752FC}"
EndProject
Project("{FAE04EC0-301F-11D3-BF4B-00C04F79EFBC}") = "UIFAdPlugin", "UIFAdPlugin\UIFAdPlugin.csproj", "{AA745584-E7FF-425C-B8DA-05FA1521465D}"
	ProjectSection(ProjectDependencies) = postProject
		{9489167A-691A-4A28-A373-281D00C8BE1C} = {9489167A-691A-4A28-A373-281D00C8BE1C}
		{51C06388-68F0-42D1-ADD7-1029E22E8F26} = {51C06388-68F0-42D1-ADD7-1029E22E8F26}
		{58ED6C94-32B5-4C72-9231-73654F948866} = {58ED6C94-32B5-4C72-9231-73654F948866}
	EndProjectSection
EndProject
Project("{FAE04EC0-301F-11D3-BF4B-00C04F79EFBC}") = "UniversalInStreamFramework", "UIFAdPlugin\UniversalInStreamFramework\UniversalInStreamFramework.csproj", "{C0B3D45E-C52A-43FE-8ADB-7CCD3EA33DE4}"
EndProject
Project("{FAE04EC0-301F-11D3-BF4B-00C04F79EFBC}") = "IUniversalInStreamFramework", "UIFAdPlugin\IUniversalInStreamFramework\IUniversalInStreamFramework.csproj", "{8710380B-0753-41E4-97AB-B7C2C045A674}"
EndProject
Project("{2150E333-8FDC-42A3-9474-1A3956D46DE8}") = "Dependent Projects", "Dependent Projects", "{675BF8AA-DFA0-4D91-9977-A1443F178856}"
EndProject
Project("{2150E333-8FDC-42A3-9474-1A3956D46DE8}") = "AdContent", "AdContent", "{735E10AA-6549-4089-BBF9-F478B0CA1BA6}"
EndProject
Project("{FAE04EC0-301F-11D3-BF4B-00C04F79EFBC}") = "NYMagBanner", "AdContent\NYMagBanner\NYMagBanner.csproj", "{9489167A-691A-4A28-A373-281D00C8BE1C}"
EndProject
Project("{FAE04EC0-301F-11D3-BF4B-00C04F79EFBC}") = "NYMagBug", "AdContent\NYMagBug\NYMagBug.csproj", "{58ED6C94-32B5-4C72-9231-73654F948866}"
EndProject
Project("{FAE04EC0-301F-11D3-BF4B-00C04F79EFBC}") = "NYMagFixedroll", "AdContent\NYMagFixedRoll\NYMagFixedroll.csproj", "{51C06388-68F0-42D1-ADD7-1029E22E8F26}"
EndProject
Global
	GlobalSection(SolutionConfigurationPlatforms) = preSolution
		Debug|Any CPU = Debug|Any CPU
		Release|Any CPU = Release|Any CPU
	EndGlobalSection
	GlobalSection(ProjectConfigurationPlatforms) = postSolution
		{C38C8454-8FDE-4274-842A-B0B9D1F7FE9F}.Debug|Any CPU.ActiveCfg = Debug|Any CPU
		{C38C8454-8FDE-4274-842A-B0B9D1F7FE9F}.Debug|Any CPU.Build.0 = Debug|Any CPU
		{C38C8454-8FDE-4274-842A-B0B9D1F7FE9F}.Release|Any CPU.ActiveCfg = Release|Any CPU
		{C38C8454-8FDE-4274-842A-B0B9D1F7FE9F}.Release|Any CPU.Build.0 = Release|Any CPU
		{4643C932-F918-4EFA-A079-79D3ED7752FC}.Debug|Any CPU.ActiveCfg = Debug|Any CPU
		{4643C932-F918-4EFA-A079-79D3ED7752FC}.Debug|Any CPU.Build.0 = Debug|Any CPU
		{4643C932-F918-4EFA-A079-79D3ED7752FC}.Release|Any CPU.ActiveCfg = Release|Any CPU
		{4643C932-F918-4EFA-A079-79D3ED7752FC}.Release|Any CPU.Build.0 = Release|Any CPU
		{AA745584-E7FF-425C-B8DA-05FA1521465D}.Debug|Any CPU.ActiveCfg = Debug|Any CPU
		{AA745584-E7FF-425C-B8DA-05FA1521465D}.Debug|Any CPU.Build.0 = Debug|Any CPU
		{AA745584-E7FF-425C-B8DA-05FA1521465D}.Release|Any CPU.ActiveCfg = Release|Any CPU
		{AA745584-E7FF-425C-B8DA-05FA1521465D}.Release|Any CPU.Build.0 = Release|Any CPU
		{C0B3D45E-C52A-43FE-8ADB-7CCD3EA33DE4}.Debug|Any CPU.ActiveCfg = Debug|Any CPU
		{C0B3D45E-C52A-43FE-8ADB-7CCD3EA33DE4}.Debug|Any CPU.Build.0 = Debug|Any CPU
		{C0B3D45E-C52A-43FE-8ADB-7CCD3EA33DE4}.Release|Any CPU.ActiveCfg = Release|Any CPU
		{C0B3D45E-C52A-43FE-8ADB-7CCD3EA33DE4}.Release|Any CPU.Build.0 = Release|Any CPU
		{8710380B-0753-41E4-97AB-B7C2C045A674}.Debug|Any CPU.ActiveCfg = Debug|Any CPU
		{8710380B-0753-41E4-97AB-B7C2C045A674}.Debug|Any CPU.Build.0 = Debug|Any CPU
		{8710380B-0753-41E4-97AB-B7C2C045A674}.Release|Any CPU.ActiveCfg = Release|Any CPU
		{8710380B-0753-41E4-97AB-B7C2C045A674}.Release|Any CPU.Build.0 = Release|Any CPU
		{9489167A-691A-4A28-A373-281D00C8BE1C}.Debug|Any CPU.ActiveCfg = Debug|Any CPU
		{9489167A-691A-4A28-A373-281D00C8BE1C}.Debug|Any CPU.Build.0 = Debug|Any CPU
		{9489167A-691A-4A28-A373-281D00C8BE1C}.Release|Any CPU.ActiveCfg = Release|Any CPU
		{9489167A-691A-4A28-A373-281D00C8BE1C}.Release|Any CPU.Build.0 = Release|Any CPU
		{58ED6C94-32B5-4C72-9231-73654F948866}.Debug|Any CPU.ActiveCfg = Debug|Any CPU
		{58ED6C94-32B5-4C72-9231-73654F948866}.Debug|Any CPU.Build.0 = Debug|Any CPU
		{58ED6C94-32B5-4C72-9231-73654F948866}.Release|Any CPU.ActiveCfg = Release|Any CPU
		{58ED6C94-32B5-4C72-9231-73654F948866}.Release|Any CPU.Build.0 = Release|Any CPU
		{51C06388-68F0-42D1-ADD7-1029E22E8F26}.Debug|Any CPU.ActiveCfg = Debug|Any CPU
		{51C06388-68F0-42D1-ADD7-1029E22E8F26}.Debug|Any CPU.Build.0 = Debug|Any CPU
		{51C06388-68F0-42D1-ADD7-1029E22E8F26}.Release|Any CPU.ActiveCfg = Release|Any CPU
		{51C06388-68F0-42D1-ADD7-1029E22E8F26}.Release|Any CPU.Build.0 = Release|Any CPU
	EndGlobalSection
	GlobalSection(SolutionProperties) = preSolution
		HideSolutionNode = FALSE
	EndGlobalSection
	GlobalSection(NestedProjects) = preSolution
		{8710380B-0753-41E4-97AB-B7C2C045A674} = {675BF8AA-DFA0-4D91-9977-A1443F178856}
		{C0B3D45E-C52A-43FE-8ADB-7CCD3EA33DE4} = {675BF8AA-DFA0-4D91-9977-A1443F178856}
		{C38C8454-8FDE-4274-842A-B0B9D1F7FE9F} = {675BF8AA-DFA0-4D91-9977-A1443F178856}
		{9489167A-691A-4A28-A373-281D00C8BE1C} = {735E10AA-6549-4089-BBF9-F478B0CA1BA6}
		{58ED6C94-32B5-4C72-9231-73654F948866} = {735E10AA-6549-4089-BBF9-F478B0CA1BA6}
		{51C06388-68F0-42D1-ADD7-1029E22E8F26} = {735E10AA-6549-4089-BBF9-F478B0CA1BA6}
	EndGlobalSection
EndGlobal
